{
  "name": "static",
  "version": "1.0.0",
  "lockfileVersion": 3,
  "requires": true,
  "packages": {
    "": {
      "name": "static",
      "version": "1.0.0",
      "license": "ISC",
      "dependencies": {
        "msr": "^1.3.4"
      }
    },
    "node_modules/msr": {
      "version": "1.3.4",
      "resolved": "https://registry.npmjs.org/msr/-/msr-1.3.4.tgz",
      "integrity": "sha512-vx1gmfKCacOylK5YNSlWWrWcqMfOjSgQQn3rb4NA830LlBrXyWVHJQdbILG4xiK9Xz77K35ve2CLodX2gEzlKA=="
    }
  }
}
